
Microsoft Visual Studio Solution File, Format Version 12.00
# Visual Studio Version 17
VisualStudioVersion = 17.14.36623.8 d17.14
MinimumVisualStudioVersion = 10.0.40219.1
Project("{FAE04EC0-301F-11D3-BF4B-00C04F79EFBC}") = "SudokuSolverForms", "SudokuSolverForms\SudokuSolverForms.csproj", "{295BCDA5-A425-4C69-AC96-EECE72AB8F1F}"
EndProject
Global
	GlobalSection(SolutionConfigurationPlatforms) = preSolution
		Debug|Any CPU = Debug|Any CPU
		Release|Any CPU = Release|Any CPU
	EndGlobalSection
	GlobalSection(ProjectConfigurationPlatforms) = postSolution
		{295BCDA5-A425-4C69-AC96-EECE72AB8F1F}.Debug|Any CPU.ActiveCfg = Debug|Any CPU
		{295BCDA5-A425-4C69-AC96-EECE72AB8F1F}.Debug|Any CPU.Build.0 = Debug|Any CPU
		{295BCDA5-A425-4C69-AC96-EECE72AB8F1F}.Release|Any CPU.ActiveCfg = Release|Any CPU
		{295BCDA5-A425-4C69-AC96-EECE72AB8F1F}.Release|Any CPU.Build.0 = Release|Any CPU
	EndGlobalSection
	GlobalSection(SolutionProperties) = preSolution
		HideSolutionNode = FALSE
	EndGlobalSection
	GlobalSection(ExtensibilityGlobals) = postSolution
		SolutionGuid = {FCB07C7E-55D9-4C62-91BC-6E4F4CDD996C}
	EndGlobalSection
EndGlobal
